
Microsoft Visual Studio Solution File, Format Version 12.00
# Visual Studio Version 17
VisualStudioVersion = 17.4.33103.184
MinimumVisualStudioVersion = 10.0.40219.1
Project("{8BC9CEB8-8B4A-11D0-8D11-00A0C91BC942}") = "JRPG", "JRPG\JRPG.vcxproj", "{F7A60B70-D7F5-4EF3-A144-A7ACBD569B3E}"
EndProject
Project("{8BC9CEB8-8B4A-11D0-8D11-00A0C91BC942}") = "GameFramework", "GameFramework\GameFramework.vcxproj", "{4BBF1E79-11B7-4A4F-91B3-26B91463B474}"
EndProject
Project("{8BC9CEB8-8B4A-11D0-8D11-00A0C91BC942}") = "Editor", "Editor\Editor.vcxproj", "{83B26E82-7E60-46B0-8FCB-EB741974AC94}"
EndProject
Global
	GlobalSection(SolutionConfigurationPlatforms) = preSolution
		Debug|x64 = Debug|x64
		Debug|x86 = Debug|x86
		Release|x64 = Release|x64
		Release|x86 = Release|x86
	EndGlobalSection
	GlobalSection(ProjectConfigurationPlatforms) = postSolution
		{F7A60B70-D7F5-4EF3-A144-A7ACBD569B3E}.Debug|x64.ActiveCfg = Debug|x64
		{F7A60B70-D7F5-4EF3-A144-A7ACBD569B3E}.Debug|x64.Build.0 = Debug|x64
		{F7A60B70-D7F5-4EF3-A144-A7ACBD569B3E}.Debug|x86.ActiveCfg = Debug|Win32
		{F7A60B70-D7F5-4EF3-A144-A7ACBD569B3E}.Debug|x86.Build.0 = Debug|Win32
		{F7A60B70-D7F5-4EF3-A144-A7ACBD569B3E}.Release|x64.ActiveCfg = Release|x64
		{F7A60B70-D7F5-4EF3-A144-A7ACBD569B3E}.Release|x64.Build.0 = Release|x64
		{F7A60B70-D7F5-4EF3-A144-A7ACBD569B3E}.Release|x86.ActiveCfg = Release|Win32
		{F7A60B70-D7F5-4EF3-A144-A7ACBD569B3E}.Release|x86.Build.0 = Release|Win32
		{4BBF1E79-11B7-4A4F-91B3-26B91463B474}.Debug|x64.ActiveCfg = Debug|x64
		{4BBF1E79-11B7-4A4F-91B3-26B91463B474}.Debug|x64.Build.0 = Debug|x64
		{4BBF1E79-11B7-4A4F-91B3-26B91463B474}.Debug|x86.ActiveCfg = Debug|Win32
		{4BBF1E79-11B7-4A4F-91B3-26B91463B474}.Debug|x86.Build.0 = Debug|Win32
		{4BBF1E79-11B7-4A4F-91B3-26B91463B474}.Release|x64.ActiveCfg = Release|x64
		{4BBF1E79-11B7-4A4F-91B3-26B91463B474}.Release|x64.Build.0 = Release|x64
		{4BBF1E79-11B7-4A4F-91B3-26B91463B474}.Release|x86.ActiveCfg = Release|Win32
		{4BBF1E79-11B7-4A4F-91B3-26B91463B474}.Release|x86.Build.0 = Release|Win32
		{83B26E82-7E60-46B0-8FCB-EB741974AC94}.Debug|x64.ActiveCfg = Debug|x64
		{83B26E82-7E60-46B0-8FCB-EB741974AC94}.Debug|x64.Build.0 = Debug|x64
		{83B26E82-7E60-46B0-8FCB-EB741974AC94}.Debug|x86.ActiveCfg = Debug|Win32
		{83B26E82-7E60-46B0-8FCB-EB741974AC94}.Debug|x86.Build.0 = Debug|Win32
		{83B26E82-7E60-46B0-8FCB-EB741974AC94}.Release|x64.ActiveCfg = Release|x64
		{83B26E82-7E60-46B0-8FCB-EB741974AC94}.Release|x64.Build.0 = Release|x64
		{83B26E82-7E60-46B0-8FCB-EB741974AC94}.Release|x86.ActiveCfg = Release|Win32
		{83B26E82-7E60-46B0-8FCB-EB741974AC94}.Release|x86.Build.0 = Release|Win32
	EndGlobalSection
	GlobalSection(SolutionProperties) = preSolution
		HideSolutionNode = FALSE
	EndGlobalSection
	GlobalSection(ExtensibilityGlobals) = postSolution
		SolutionGuid = {400C0865-AE39-4627-93BC-C8ACACB49596}
	EndGlobalSection
EndGlobal
