<?xml version="1.0" encoding="utf-8"?>
<Project ToolsVersion="4.0" xmlns="http://schemas.microsoft.com/developer/msbuild/2003">
  <ItemGroup>
    <Filter Include="Source Files">
      <UniqueIdentifier>{4FC737F1-C7A5-4376-A066-2A32D752A2FF}</UniqueIdentifier>
      <Extensions>cpp;c;h;</Extensions>
    </Filter>
    <Filter Include="Source Files\Characters">
      <UniqueIdentifier>{78aa9b95-4e57-4afc-9a21-13791b1dbb04}</UniqueIdentifier>
      <Extensions>cpp;c;h;</Extensions>
    </Filter>
    <Filter Include="Source Files\Enumerations">
      <UniqueIdentifier>{34361cca-5203-428c-acc2-482188ecb39b}</UniqueIdentifier>
      <Extensions>cpp;c;h;</Extensions>
    </Filter>
    <Filter Include="Source Files\Map">
      <UniqueIdentifier>{a9628051-4852-44d9-98a6-8acb65665dc8}</UniqueIdentifier>
      <Extensions>cpp;c;h;</Extensions>
    </Filter>
    <Filter Include="Source Files\Screens">
      <UniqueIdentifier>{fcbd4c7e-ec8f-45ea-af3a-bbe279f82085}</UniqueIdentifier>
      <Extensions>cpp;c;h;</Extensions>
    </Filter>
  </ItemGroup>
  <ItemGroup>
    <ClCompile Include="Main.cpp">
      <Filter>Source Files</Filter>
    </ClCompile>
    <ClCompile Include="_PCH.cpp">
      <Filter>Source Files</Filter>
    </ClCompile>
    <ClCompile Include="Character.cpp">
      <Filter>Source Files\Characters</Filter>
    </ClCompile>
    <ClCompile Include="MapComponent.cpp">
      <Filter>Source Files\Characters</Filter>
    </ClCompile>
    <ClCompile Include="Map.cpp">
      <Filter>Source Files\Map</Filter>
    </ClCompile>
  </ItemGroup>
  <ItemGroup>
    <None Include="packages.config" />
  </ItemGroup>
  <ItemGroup>
    <ClInclude Include="_PCH.h">
      <Filter>Source Files</Filter>
    </ClInclude>
    <ClInclude Include="JRPG.h">
      <Filter>Source Files</Filter>
    </ClInclude>
    <ClInclude Include="ScreenA.h">
      <Filter>Source Files\Screens</Filter>
    </ClInclude>
    <ClInclude Include="ScreenB.h">
      <Filter>Source Files\Screens</Filter>
    </ClInclude>
    <ClInclude Include="Character.h">
      <Filter>Source Files\Characters</Filter>
    </ClInclude>
    <ClInclude Include="Component.h">
      <Filter>Source Files\Characters</Filter>
    </ClInclude>
    <ClInclude Include="MapComponent.h">
      <Filter>Source Files\Characters</Filter>
    </ClInclude>
    <ClInclude Include="Direction.h">
      <Filter>Source Files\Enumerations</Filter>
    </ClInclude>
    <ClInclude Include="Tile.h">
      <Filter>Source Files\Map</Filter>
    </ClInclude>
    <ClInclude Include="Map.h">
      <Filter>Source Files\Map</Filter>
    </ClInclude>
    <ClInclude Include="MapScreen.h">
      <Filter>Source Files\Screens</Filter>
    </ClInclude>
    <ClInclude Include="Layer.h">
      <Filter>Source Files\Map</Filter>
    </ClInclude>
  </ItemGroup>
</Project>