<?xml version="1.0" encoding="utf-8"?>
<Project ToolsVersion="4.0" xmlns="http://schemas.microsoft.com/developer/msbuild/2003">
  <ItemGroup>
    <Filter Include="Source Files">
      <UniqueIdentifier>{4FC737F1-C7A5-4376-A066-2A32D752A2FF}</UniqueIdentifier>
      <Extensions>cpp;c;h;</Extensions>
    </Filter>
    <Filter Include="Source Files\Core">
      <UniqueIdentifier>{d23b59d0-2767-46b9-a57a-38c1378dc9b2}</UniqueIdentifier>
      <Extensions>cpp;c;h;</Extensions>
    </Filter>
    <Filter Include="Source Files\Resources">
      <UniqueIdentifier>{9cde56ee-3011-416a-9b80-05244ec5ebf4}</UniqueIdentifier>
      <Extensions>cpp;c;h;</Extensions>
    </Filter>
    <Filter Include="Source Files\Math">
      <UniqueIdentifier>{0f7ec9ea-0bfa-45c4-b595-0cb2199897c8}</UniqueIdentifier>
      <Extensions>cpp;c;h;</Extensions>
    </Filter>
    <Filter Include="Source Files\Screens">
      <UniqueIdentifier>{2e269fba-686b-4410-ae2b-745125bec3b2}</UniqueIdentifier>
      <Extensions>cpp;c;h;</Extensions>
    </Filter>
  </ItemGroup>
  <ItemGroup>
    <ClCompile Include="_PCH.cpp">
      <Filter>Source Files</Filter>
    </ClCompile>
    <ClCompile Include="Color.cpp">
      <Filter>Source Files\Math</Filter>
    </ClCompile>
    <ClCompile Include="Vector2.cpp">
      <Filter>Source Files\Math</Filter>
    </ClCompile>
    <ClCompile Include="Game.cpp">
      <Filter>Source Files\Core</Filter>
    </ClCompile>
    <ClCompile Include="SpriteBatch.cpp">
      <Filter>Source Files\Core</Filter>
    </ClCompile>
    <ClCompile Include="Font.cpp">
      <Filter>Source Files\Resources</Filter>
    </ClCompile>
    <ClCompile Include="Texture.cpp">
      <Filter>Source Files\Resources</Filter>
    </ClCompile>
    <ClCompile Include="Screen.cpp">
      <Filter>Source Files\Screens</Filter>
    </ClCompile>
    <ClCompile Include="ScreenManager.cpp">
      <Filter>Source Files\Screens</Filter>
    </ClCompile>
    <ClCompile Include="Math.cpp">
      <Filter>Source Files\Math</Filter>
    </ClCompile>
    <ClCompile Include="GameTime.cpp">
      <Filter>Source Files\Core</Filter>
    </ClCompile>
    <ClCompile Include="InputState.cpp">
      <Filter>Source Files\Core</Filter>
    </ClCompile>
    <ClCompile Include="Animation.cpp">
      <Filter>Source Files\Resources</Filter>
    </ClCompile>
    <ClCompile Include="KeySequence.cpp">
      <Filter>Source Files\Core</Filter>
    </ClCompile>
    <ClCompile Include="Resource.cpp">
      <Filter>Source Files\Resources</Filter>
    </ClCompile>
    <ClCompile Include="Region.cpp">
      <Filter>Source Files\Math</Filter>
    </ClCompile>
    <ClCompile Include="Camera.cpp">
      <Filter>Source Files\Core</Filter>
    </ClCompile>
    <ClCompile Include="Transform.cpp">
      <Filter>Source Files\Math</Filter>
    </ClCompile>
  </ItemGroup>
  <ItemGroup>
    <ClInclude Include="_PCH.h">
      <Filter>Source Files</Filter>
    </ClInclude>
    <ClInclude Include="Color.h">
      <Filter>Source Files\Math</Filter>
    </ClInclude>
    <ClInclude Include="Vector2.h">
      <Filter>Source Files\Math</Filter>
    </ClInclude>
    <ClInclude Include="Game.h">
      <Filter>Source Files\Core</Filter>
    </ClInclude>
    <ClInclude Include="InputState.h">
      <Filter>Source Files\Core</Filter>
    </ClInclude>
    <ClInclude Include="KeyState.h">
      <Filter>Source Files\Core</Filter>
    </ClInclude>
    <ClInclude Include="SpriteBatch.h">
      <Filter>Source Files\Core</Filter>
    </ClInclude>
    <ClInclude Include="Font.h">
      <Filter>Source Files\Resources</Filter>
    </ClInclude>
    <ClInclude Include="Resource.h">
      <Filter>Source Files\Resources</Filter>
    </ClInclude>
    <ClInclude Include="Texture.h">
      <Filter>Source Files\Resources</Filter>
    </ClInclude>
    <ClInclude Include="ResourceManager.h">
      <Filter>Source Files\Resources</Filter>
    </ClInclude>
    <ClInclude Include="Screen.h">
      <Filter>Source Files\Screens</Filter>
    </ClInclude>
    <ClInclude Include="ScreenManager.h">
      <Filter>Source Files\Screens</Filter>
    </ClInclude>
    <ClInclude Include="KeySequence.h">
      <Filter>Source Files\Core</Filter>
    </ClInclude>
    <ClInclude Include="Math.h">
      <Filter>Source Files\Math</Filter>
    </ClInclude>
    <ClInclude Include="GameTime.h">
      <Filter>Source Files\Core</Filter>
    </ClInclude>
    <ClInclude Include="Animation.h">
      <Filter>Source Files\Resources</Filter>
    </ClInclude>
    <ClInclude Include="Region.h">
      <Filter>Source Files\Math</Filter>
    </ClInclude>
    <ClInclude Include="ITargetable.h">
      <Filter>Source Files\Core</Filter>
    </ClInclude>
    <ClInclude Include="Camera.h">
      <Filter>Source Files\Core</Filter>
    </ClInclude>
    <ClInclude Include="Transform.h">
      <Filter>Source Files\Math</Filter>
    </ClInclude>
  </ItemGroup>
  <ItemGroup>
    <None Include="packages.config" />
  </ItemGroup>
</Project>